// !$*UTF8*$!
{
	archiveVersion = 1;
	classes = {
	};
	objectVersion = 46;
	objects = {

/* Begin PBXBuildFile section */
		1815090A178C6366007BEB3E /* check.png in Resources */ = {isa = PBXBuildFile; fileRef = 18150904178C6366007BEB3E /* check.png */; };
		1815090B178C6366007BEB3E /* check@2x.png in Resources */ = {isa = PBXBuildFile; fileRef = 18150905178C6366007BEB3E /* check@2x.png */; };
		1815090C178C6366007BEB3E /* cross.png in Resources */ = {isa = PBXBuildFile; fileRef = 18150906178C6366007BEB3E /* cross.png */; };
		1815090D178C6366007BEB3E /* cross@2x.png in Resources */ = {isa = PBXBuildFile; fileRef = 18150907178C6366007BEB3E /* cross@2x.png */; };
		1815090E178C6366007BEB3E /* Icon.png in Resources */ = {isa = PBXBuildFile; fileRef = 18150908178C6366007BEB3E /* Icon.png */; };
		1815090F178C6366007BEB3E /* Icon@x2.png in Resources */ = {isa = PBXBuildFile; fileRef = 18150909178C6366007BEB3E /* Icon@x2.png */; };
		18150912178C63B3007BEB3E /* gan.psd in Resources */ = {isa = PBXBuildFile; fileRef = 18150911178C63B3007BEB3E /* gan.psd */; };
		1842AF99176CA9A200A1ED20 /* UIKit.framework in Frameworks */ = {isa = PBXBuildFile; fileRef = 1842AF98176CA9A200A1ED20 /* UIKit.framework */; };
		1842AF9B176CA9A200A1ED20 /* Foundation.framework in Frameworks */ = {isa = PBXBuildFile; fileRef = 1842AF9A176CA9A200A1ED20 /* Foundation.framework */; };
		1842AF9D176CA9A200A1ED20 /* CoreGraphics.framework in Frameworks */ = {isa = PBXBuildFile; fileRef = 1842AF9C176CA9A200A1ED20 /* CoreGraphics.framework */; };
		1842AFA3176CA9A200A1ED20 /* InfoPlist.strings in Resources */ = {isa = PBXBuildFile; fileRef = 1842AFA1176CA9A200A1ED20 /* InfoPlist.strings */; };
		1842AFA5176CA9A200A1ED20 /* main.m in Sources */ = {isa = PBXBuildFile; fileRef = 1842AFA4176CA9A200A1ED20 /* main.m */; };
		1842AFA9176CA9A200A1ED20 /* GanAppDelegate.m in Sources */ = {isa = PBXBuildFile; fileRef = 1842AFA8176CA9A200A1ED20 /* GanAppDelegate.m */; };
		1842AFAB176CA9A200A1ED20 /* Default.png in Resources */ = {isa = PBXBuildFile; fileRef = 1842AFAA176CA9A200A1ED20 /* Default.png */; };
		1842AFAD176CA9A200A1ED20 /* Default@2x.png in Resources */ = {isa = PBXBuildFile; fileRef = 1842AFAC176CA9A200A1ED20 /* Default@2x.png */; };
		1842AFAF176CA9A200A1ED20 /* Default-568h@2x.png in Resources */ = {isa = PBXBuildFile; fileRef = 1842AFAE176CA9A200A1ED20 /* Default-568h@2x.png */; };
		1842AFB2176CA9A200A1ED20 /* MainStoryboard.storyboard in Resources */ = {isa = PBXBuildFile; fileRef = 1842AFB0176CA9A200A1ED20 /* MainStoryboard.storyboard */; };
		1842AFB5176CA9A200A1ED20 /* GanViewController.m in Sources */ = {isa = PBXBuildFile; fileRef = 1842AFB4176CA9A200A1ED20 /* GanViewController.m */; };
		1842AFDA176CB9A900A1ED20 /* GanDataModel.m in Sources */ = {isa = PBXBuildFile; fileRef = 1842AFD9176CB9A900A1ED20 /* GanDataModel.m */; };
		185584D11774450A006C89AC /* GanTableViewCell.m in Sources */ = {isa = PBXBuildFile; fileRef = 185584D01774450A006C89AC /* GanTableViewCell.m */; };
		18874BA11771A17600C8ED01 /* GanDownViewController.m in Sources */ = {isa = PBXBuildFile; fileRef = 18874BA01771A17600C8ED01 /* GanDownViewController.m */; };
		18A06B6F1792CE88000E3A74 /* GanDataManager.m in Sources */ = {isa = PBXBuildFile; fileRef = 18A06B6E1792CE88000E3A74 /* GanDataManager.m */; };
		18CF068D178D0AB600F0CD7D /* MCSwipeTableViewCell.m in Sources */ = {isa = PBXBuildFile; fileRef = 18CF068C178D0AB600F0CD7D /* MCSwipeTableViewCell.m */; };
/* End PBXBuildFile section */

/* Begin PBXFileReference section */
		18150904178C6366007BEB3E /* check.png */ = {isa = PBXFileReference; lastKnownFileType = image.png; path = check.png; sourceTree = "<group>"; };
		18150905178C6366007BEB3E /* check@2x.png */ = {isa = PBXFileReference; lastKnownFileType = image.png; path = "check@2x.png"; sourceTree = "<group>"; };
		18150906178C6366007BEB3E /* cross.png */ = {isa = PBXFileReference; lastKnownFileType = image.png; path = cross.png; sourceTree = "<group>"; };
		18150907178C6366007BEB3E /* cross@2x.png */ = {isa = PBXFileReference; lastKnownFileType = image.png; path = "cross@2x.png"; sourceTree = "<group>"; };
		18150908178C6366007BEB3E /* Icon.png */ = {isa = PBXFileReference; lastKnownFileType = image.png; path = Icon.png; sourceTree = "<group>"; };
		18150909178C6366007BEB3E /* Icon@x2.png */ = {isa = PBXFileReference; lastKnownFileType = image.png; path = "Icon@x2.png"; sourceTree = "<group>"; };
		18150911178C63B3007BEB3E /* gan.psd */ = {isa = PBXFileReference; lastKnownFileType = file; path = gan.psd; sourceTree = "<group>"; };
		18150917178C735F007BEB3E /* GanTableViewCellDelegate.h */ = {isa = PBXFileReference; lastKnownFileType = sourcecode.c.h; path = GanTableViewCellDelegate.h; sourceTree = "<group>"; };
		1835885B178D44AA00C51ABC /* Global_ENUM.h */ = {isa = PBXFileReference; lastKnownFileType = sourcecode.c.h; path = Global_ENUM.h; sourceTree = "<group>"; };
		1842AF95176CA9A200A1ED20 /* Gan.app */ = {isa = PBXFileReference; explicitFileType = wrapper.application; includeInIndex = 0; path = Gan.app; sourceTree = BUILT_PRODUCTS_DIR; };
		1842AF98176CA9A200A1ED20 /* UIKit.framework */ = {isa = PBXFileReference; lastKnownFileType = wrapper.framework; name = UIKit.framework; path = System/Library/Frameworks/UIKit.framework; sourceTree = SDKROOT; };
		1842AF9A176CA9A200A1ED20 /* Foundation.framework */ = {isa = PBXFileReference; lastKnownFileType = wrapper.framework; name = Foundation.framework; path = System/Library/Frameworks/Foundation.framework; sourceTree = SDKROOT; };
		1842AF9C176CA9A200A1ED20 /* CoreGraphics.framework */ = {isa = PBXFileReference; lastKnownFileType = wrapper.framework; name = CoreGraphics.framework; path = System/Library/Frameworks/CoreGraphics.framework; sourceTree = SDKROOT; };
		1842AFA0176CA9A200A1ED20 /* Gan-Info.plist */ = {isa = PBXFileReference; lastKnownFileType = text.plist.xml; path = "Gan-Info.plist"; sourceTree = "<group>"; };
		1842AFA2176CA9A200A1ED20 /* en */ = {isa = PBXFileReference; lastKnownFileType = text.plist.strings; name = en; path = en.lproj/InfoPlist.strings; sourceTree = "<group>"; };
		1842AFA4176CA9A200A1ED20 /* main.m */ = {isa = PBXFileReference; lastKnownFileType = sourcecode.c.objc; path = main.m; sourceTree = "<group>"; };
		1842AFA6176CA9A200A1ED20 /* Gan-Prefix.pch */ = {isa = PBXFileReference; lastKnownFileType = sourcecode.c.h; path = "Gan-Prefix.pch"; sourceTree = "<group>"; };
		1842AFA7176CA9A200A1ED20 /* GanAppDelegate.h */ = {isa = PBXFileReference; lastKnownFileType = sourcecode.c.h; path = GanAppDelegate.h; sourceTree = "<group>"; };
		1842AFA8176CA9A200A1ED20 /* GanAppDelegate.m */ = {isa = PBXFileReference; lastKnownFileType = sourcecode.c.objc; path = GanAppDelegate.m; sourceTree = "<group>"; };
		1842AFAA176CA9A200A1ED20 /* Default.png */ = {isa = PBXFileReference; lastKnownFileType = image.png; path = Default.png; sourceTree = "<group>"; };
		1842AFAC176CA9A200A1ED20 /* Default@2x.png */ = {isa = PBXFileReference; lastKnownFileType = image.png; path = "Default@2x.png"; sourceTree = "<group>"; };
		1842AFAE176CA9A200A1ED20 /* Default-568h@2x.png */ = {isa = PBXFileReference; lastKnownFileType = image.png; path = "Default-568h@2x.png"; sourceTree = "<group>"; };
		1842AFB1176CA9A200A1ED20 /* en */ = {isa = PBXFileReference; lastKnownFileType = file.storyboard; name = en; path = en.lproj/MainStoryboard.storyboard; sourceTree = "<group>"; };
		1842AFB3176CA9A200A1ED20 /* GanViewController.h */ = {isa = PBXFileReference; lastKnownFileType = sourcecode.c.h; path = GanViewController.h; sourceTree = "<group>"; };
		1842AFB4176CA9A200A1ED20 /* GanViewController.m */ = {isa = PBXFileReference; lastKnownFileType = sourcecode.c.objc; path = GanViewController.m; sourceTree = "<group>"; };
		1842AFD8176CB9A900A1ED20 /* GanDataModel.h */ = {isa = PBXFileReference; fileEncoding = 4; lastKnownFileType = sourcecode.c.h; path = GanDataModel.h; sourceTree = "<group>"; };
		1842AFD9176CB9A900A1ED20 /* GanDataModel.m */ = {isa = PBXFileReference; fileEncoding = 4; lastKnownFileType = sourcecode.c.objc; path = GanDataModel.m; sourceTree = "<group>"; };
		1842AFDB176CDEC900A1ED20 /* GanTableViewCell.h */ = {isa = PBXFileReference; fileEncoding = 4; lastKnownFileType = sourcecode.c.h; path = GanTableViewCell.h; sourceTree = "<group>"; };
		185584D01774450A006C89AC /* GanTableViewCell.m */ = {isa = PBXFileReference; fileEncoding = 4; lastKnownFileType = sourcecode.c.objc; path = GanTableViewCell.m; sourceTree = "<group>"; };
		18874B9F1771A17600C8ED01 /* GanDownViewController.h */ = {isa = PBXFileReference; fileEncoding = 4; lastKnownFileType = sourcecode.c.h; path = GanDownViewController.h; sourceTree = "<group>"; };
		18874BA01771A17600C8ED01 /* GanDownViewController.m */ = {isa = PBXFileReference; fileEncoding = 4; lastKnownFileType = sourcecode.c.objc; path = GanDownViewController.m; sourceTree = "<group>"; };
		18A06B6D1792CE88000E3A74 /* GanDataManager.h */ = {isa = PBXFileReference; fileEncoding = 4; lastKnownFileType = sourcecode.c.h; path = GanDataManager.h; sourceTree = "<group>"; };
		18A06B6E1792CE88000E3A74 /* GanDataManager.m */ = {isa = PBXFileReference; fileEncoding = 4; lastKnownFileType = sourcecode.c.objc; path = GanDataManager.m; sourceTree = "<group>"; };
		18CF068B178D0AB600F0CD7D /* MCSwipeTableViewCell.h */ = {isa = PBXFileReference; fileEncoding = 4; lastKnownFileType = sourcecode.c.h; path = MCSwipeTableViewCell.h; sourceTree = "<group>"; };
		18CF068C178D0AB600F0CD7D /* MCSwipeTableViewCell.m */ = {isa = PBXFileReference; fileEncoding = 4; lastKnownFileType = sourcecode.c.objc; path = MCSwipeTableViewCell.m; sourceTree = "<group>"; };
/* End PBXFileReference section */

/* Begin PBXFrameworksBuildPhase section */
		1842AF92176CA9A200A1ED20 /* Frameworks */ = {
			isa = PBXFrameworksBuildPhase;
			buildActionMask = 2147483647;
			files = (
				1842AF99176CA9A200A1ED20 /* UIKit.framework in Frameworks */,
				1842AF9B176CA9A200A1ED20 /* Foundation.framework in Frameworks */,
				1842AF9D176CA9A200A1ED20 /* CoreGraphics.framework in Frameworks */,
			);
			runOnlyForDeploymentPostprocessing = 0;
		};
/* End PBXFrameworksBuildPhase section */

/* Begin PBXGroup section */
		18150903178C6366007BEB3E /* Images */ = {
			isa = PBXGroup;
			children = (
				18150904178C6366007BEB3E /* check.png */,
				18150905178C6366007BEB3E /* check@2x.png */,
				18150906178C6366007BEB3E /* cross.png */,
				18150907178C6366007BEB3E /* cross@2x.png */,
				18150908178C6366007BEB3E /* Icon.png */,
				18150909178C6366007BEB3E /* Icon@x2.png */,
			);
			name = Images;
			path = Gan/Images;
			sourceTree = "<group>";
		};
		18150910178C63B3007BEB3E /* Assets */ = {
			isa = PBXGroup;
			children = (
				18150911178C63B3007BEB3E /* gan.psd */,
			);
			path = Assets;
			sourceTree = "<group>";
		};
		1842AF8C176CA9A200A1ED20 = {
			isa = PBXGroup;
			children = (
				18CF068A178D0AB600F0CD7D /* MCSwipeTableViewCell */,
				18150910178C63B3007BEB3E /* Assets */,
				1842AF97176CA9A200A1ED20 /* Frameworks */,
				1842AF9E176CA9A200A1ED20 /* Gan */,
				18150903178C6366007BEB3E /* Images */,
				1842AF96176CA9A200A1ED20 /* Products */,
			);
			sourceTree = "<group>";
		};
		1842AF96176CA9A200A1ED20 /* Products */ = {
			isa = PBXGroup;
			children = (
				1842AF95176CA9A200A1ED20 /* Gan.app */,
			);
			name = Products;
			sourceTree = "<group>";
		};
		1842AF97176CA9A200A1ED20 /* Frameworks */ = {
			isa = PBXGroup;
			children = (
				1842AF98176CA9A200A1ED20 /* UIKit.framework */,
				1842AF9A176CA9A200A1ED20 /* Foundation.framework */,
				1842AF9C176CA9A200A1ED20 /* CoreGraphics.framework */,
			);
			name = Frameworks;
			sourceTree = "<group>";
		};
		1842AF9E176CA9A200A1ED20 /* Gan */ = {
			isa = PBXGroup;
			children = (
				1835885B178D44AA00C51ABC /* Global_ENUM.h */,
				18150917178C735F007BEB3E /* GanTableViewCellDelegate.h */,
				1842AFD8176CB9A900A1ED20 /* GanDataModel.h */,
				1842AFD9176CB9A900A1ED20 /* GanDataModel.m */,
				1842AFA7176CA9A200A1ED20 /* GanAppDelegate.h */,
				1842AFA8176CA9A200A1ED20 /* GanAppDelegate.m */,
				1842AFB0176CA9A200A1ED20 /* MainStoryboard.storyboard */,
				1842AFDB176CDEC900A1ED20 /* GanTableViewCell.h */,
				185584D01774450A006C89AC /* GanTableViewCell.m */,
				1842AFB3176CA9A200A1ED20 /* GanViewController.h */,
				1842AFB4176CA9A200A1ED20 /* GanViewController.m */,
				18A06B6D1792CE88000E3A74 /* GanDataManager.h */,
				18A06B6E1792CE88000E3A74 /* GanDataManager.m */,
				18874B9F1771A17600C8ED01 /* GanDownViewController.h */,
				18874BA01771A17600C8ED01 /* GanDownViewController.m */,
				1842AF9F176CA9A200A1ED20 /* Supporting Files */,
			);
			path = Gan;
			sourceTree = "<group>";
		};
		1842AF9F176CA9A200A1ED20 /* Supporting Files */ = {
			isa = PBXGroup;
			children = (
				1842AFA0176CA9A200A1ED20 /* Gan-Info.plist */,
				1842AFA1176CA9A200A1ED20 /* InfoPlist.strings */,
				1842AFA4176CA9A200A1ED20 /* main.m */,
				1842AFA6176CA9A200A1ED20 /* Gan-Prefix.pch */,
				1842AFAA176CA9A200A1ED20 /* Default.png */,
				1842AFAC176CA9A200A1ED20 /* Default@2x.png */,
				1842AFAE176CA9A200A1ED20 /* Default-568h@2x.png */,
			);
			name = "Supporting Files";
			sourceTree = "<group>";
		};
		18CF068A178D0AB600F0CD7D /* MCSwipeTableViewCell */ = {
			isa = PBXGroup;
			children = (
				18CF068B178D0AB600F0CD7D /* MCSwipeTableViewCell.h */,
				18CF068C178D0AB600F0CD7D /* MCSwipeTableViewCell.m */,
			);
			path = MCSwipeTableViewCell;
			sourceTree = "<group>";
		};
/* End PBXGroup section */

/* Begin PBXNativeTarget section */
		1842AF94176CA9A200A1ED20 /* Gan */ = {
			isa = PBXNativeTarget;
			buildConfigurationList = 1842AFB8176CA9A200A1ED20 /* Build configuration list for PBXNativeTarget "Gan" */;
			buildPhases = (
				1842AF91176CA9A200A1ED20 /* Sources */,
				1842AF92176CA9A200A1ED20 /* Frameworks */,
				1842AF93176CA9A200A1ED20 /* Resources */,
			);
			buildRules = (
			);
			dependencies = (
			);
			name = Gan;
			productName = Gan;
			productReference = 1842AF95176CA9A200A1ED20 /* Gan.app */;
			productType = "com.apple.product-type.application";
		};
/* End PBXNativeTarget section */

/* Begin PBXProject section */
		1842AF8D176CA9A200A1ED20 /* Project object */ = {
			isa = PBXProject;
			attributes = {
				CLASSPREFIX = Gan;
				LastUpgradeCheck = 0460;
				ORGANIZATIONNAME = sjp;
			};
			buildConfigurationList = 1842AF90176CA9A200A1ED20 /* Build configuration list for PBXProject "Gan" */;
			compatibilityVersion = "Xcode 3.2";
			developmentRegion = English;
			hasScannedForEncodings = 0;
			knownRegions = (
				en,
			);
			mainGroup = 1842AF8C176CA9A200A1ED20;
			productRefGroup = 1842AF96176CA9A200A1ED20 /* Products */;
			projectDirPath = "";
			projectRoot = "";
			targets = (
				1842AF94176CA9A200A1ED20 /* Gan */,
			);
		};
/* End PBXProject section */

/* Begin PBXResourcesBuildPhase section */
		1842AF93176CA9A200A1ED20 /* Resources */ = {
			isa = PBXResourcesBuildPhase;
			buildActionMask = 2147483647;
			files = (
				1842AFA3176CA9A200A1ED20 /* InfoPlist.strings in Resources */,
				1842AFAB176CA9A200A1ED20 /* Default.png in Resources */,
				1842AFAD176CA9A200A1ED20 /* Default@2x.png in Resources */,
				1842AFAF176CA9A200A1ED20 /* Default-568h@2x.png in Resources */,
				1842AFB2176CA9A200A1ED20 /* MainStoryboard.storyboard in Resources */,
				1815090A178C6366007BEB3E /* check.png in Resources */,
				1815090B178C6366007BEB3E /* check@2x.png in Resources */,
				1815090C178C6366007BEB3E /* cross.png in Resources */,
				1815090D178C6366007BEB3E /* cross@2x.png in Resources */,
				1815090E178C6366007BEB3E /* Icon.png in Resources */,
				1815090F178C6366007BEB3E /* Icon@x2.png in Resources */,
				18150912178C63B3007BEB3E /* gan.psd in Resources */,
			);
			runOnlyForDeploymentPostprocessing = 0;
		};
/* End PBXResourcesBuildPhase section */

/* Begin PBXSourcesBuildPhase section */
		1842AF91176CA9A200A1ED20 /* Sources */ = {
			isa = PBXSourcesBuildPhase;
			buildActionMask = 2147483647;
			files = (
				1842AFA5176CA9A200A1ED20 /* main.m in Sources */,
				1842AFA9176CA9A200A1ED20 /* GanAppDelegate.m in Sources */,
				1842AFB5176CA9A200A1ED20 /* GanViewController.m in Sources */,
				1842AFDA176CB9A900A1ED20 /* GanDataModel.m in Sources */,
				18874BA11771A17600C8ED01 /* GanDownViewController.m in Sources */,
				185584D11774450A006C89AC /* GanTableViewCell.m in Sources */,
				18CF068D178D0AB600F0CD7D /* MCSwipeTableViewCell.m in Sources */,
				18A06B6F1792CE88000E3A74 /* GanDataManager.m in Sources */,
			);
			runOnlyForDeploymentPostprocessing = 0;
		};
/* End PBXSourcesBuildPhase section */

/* Begin PBXVariantGroup section */
		1842AFA1176CA9A200A1ED20 /* InfoPlist.strings */ = {
			isa = PBXVariantGroup;
			children = (
				1842AFA2176CA9A200A1ED20 /* en */,
			);
			name = InfoPlist.strings;
			sourceTree = "<group>";
		};
		1842AFB0176CA9A200A1ED20 /* MainStoryboard.storyboard */ = {
			isa = PBXVariantGroup;
			children = (
				1842AFB1176CA9A200A1ED20 /* en */,
			);
			name = MainStoryboard.storyboard;
			sourceTree = "<group>";
		};
/* End PBXVariantGroup section */

/* Begin XCBuildConfiguration section */
		1842AFB6176CA9A200A1ED20 /* Debug */ = {
			isa = XCBuildConfiguration;
			buildSettings = {
				ALWAYS_SEARCH_USER_PATHS = NO;
				CLANG_CXX_LANGUAGE_STANDARD = "gnu++0x";
				CLANG_CXX_LIBRARY = "libc++";
				CLANG_ENABLE_OBJC_ARC = YES;
				CLANG_WARN_CONSTANT_CONVERSION = YES;
				CLANG_WARN_EMPTY_BODY = YES;
				CLANG_WARN_ENUM_CONVERSION = YES;
				CLANG_WARN_INT_CONVERSION = YES;
				CLANG_WARN__DUPLICATE_METHOD_MATCH = YES;
				CODE_SIGN_IDENTITY = "iPhone Developer: changsong zhang (3SWB827NRT)";
				"CODE_SIGN_IDENTITY[sdk=iphoneos*]" = "iPhone Developer: changsong zhang (3SWB827NRT)";
				COPY_PHASE_STRIP = NO;
				GCC_C_LANGUAGE_STANDARD = gnu99;
				GCC_DYNAMIC_NO_PIC = NO;
				GCC_OPTIMIZATION_LEVEL = 0;
				GCC_PREPROCESSOR_DEFINITIONS = (
					"DEBUG=1",
					"$(inherited)",
				);
				GCC_SYMBOLS_PRIVATE_EXTERN = NO;
				GCC_WARN_ABOUT_RETURN_TYPE = YES;
				GCC_WARN_UNINITIALIZED_AUTOS = YES;
				GCC_WARN_UNUSED_VARIABLE = YES;
				IPHONEOS_DEPLOYMENT_TARGET = 5.0;
				ONLY_ACTIVE_ARCH = YES;
				PROVISIONING_PROFILE = "74FB6EDE-8049-4EB4-9F3B-5B8E729494FF";
				"PROVISIONING_PROFILE[sdk=iphoneos*]" = "74FB6EDE-8049-4EB4-9F3B-5B8E729494FF";
				SDKROOT = iphoneos;
			};
			name = Debug;
		};
		1842AFB7176CA9A200A1ED20 /* Release */ = {
			isa = XCBuildConfiguration;
			buildSettings = {
				ALWAYS_SEARCH_USER_PATHS = NO;
				CLANG_CXX_LANGUAGE_STANDARD = "gnu++0x";
				CLANG_CXX_LIBRARY = "libc++";
				CLANG_ENABLE_OBJC_ARC = YES;
				CLANG_WARN_CONSTANT_CONVERSION = YES;
				CLANG_WARN_EMPTY_BODY = YES;
				CLANG_WARN_ENUM_CONVERSION = YES;
				CLANG_WARN_INT_CONVERSION = YES;
				CLANG_WARN__DUPLICATE_METHOD_MATCH = YES;
				CODE_SIGN_IDENTITY = "iPhone Developer: changsong zhang (3SWB827NRT)";
				"CODE_SIGN_IDENTITY[sdk=iphoneos*]" = "iPhone Developer: changsong zhang (3SWB827NRT)";
				COPY_PHASE_STRIP = YES;
				GCC_C_LANGUAGE_STANDARD = gnu99;
				GCC_WARN_ABOUT_RETURN_TYPE = YES;
				GCC_WARN_UNINITIALIZED_AUTOS = YES;
				GCC_WARN_UNUSED_VARIABLE = YES;
				IPHONEOS_DEPLOYMENT_TARGET = 5.0;
				OTHER_CFLAGS = "-DNS_BLOCK_ASSERTIONS=1";
				PROVISIONING_PROFILE = "74FB6EDE-8049-4EB4-9F3B-5B8E729494FF";
				"PROVISIONING_PROFILE[sdk=iphoneos*]" = "74FB6EDE-8049-4EB4-9F3B-5B8E729494FF";
				SDKROOT = iphoneos;
				VALIDATE_PRODUCT = YES;
			};
			name = Release;
		};
		1842AFB9176CA9A200A1ED20 /* Debug */ = {
			isa = XCBuildConfiguration;
			buildSettings = {
				GCC_PRECOMPILE_PREFIX_HEADER = YES;
				GCC_PREFIX_HEADER = "Gan/Gan-Prefix.pch";
				INFOPLIST_FILE = "Gan/Gan-Info.plist";
				IPHONEOS_DEPLOYMENT_TARGET = 5.0;
				PRODUCT_NAME = "$(TARGET_NAME)";
				WRAPPER_EXTENSION = app;
			};
			name = Debug;
		};
		1842AFBA176CA9A200A1ED20 /* Release */ = {
			isa = XCBuildConfiguration;
			buildSettings = {
				GCC_PRECOMPILE_PREFIX_HEADER = YES;
				GCC_PREFIX_HEADER = "Gan/Gan-Prefix.pch";
				INFOPLIST_FILE = "Gan/Gan-Info.plist";
				IPHONEOS_DEPLOYMENT_TARGET = 5.0;
				PRODUCT_NAME = "$(TARGET_NAME)";
				WRAPPER_EXTENSION = app;
			};
			name = Release;
		};
/* End XCBuildConfiguration section */

/* Begin XCConfigurationList section */
		1842AF90176CA9A200A1ED20 /* Build configuration list for PBXProject "Gan" */ = {
			isa = XCConfigurationList;
			buildConfigurations = (
				1842AFB6176CA9A200A1ED20 /* Debug */,
				1842AFB7176CA9A200A1ED20 /* Release */,
			);
			defaultConfigurationIsVisible = 0;
			defaultConfigurationName = Release;
		};
		1842AFB8176CA9A200A1ED20 /* Build configuration list for PBXNativeTarget "Gan" */ = {
			isa = XCConfigurationList;
			buildConfigurations = (
				1842AFB9176CA9A200A1ED20 /* Debug */,
				1842AFBA176CA9A200A1ED20 /* Release */,
			);
			defaultConfigurationIsVisible = 0;
			defaultConfigurationName = Release;
		};
/* End XCConfigurationList section */
	};
	rootObject = 1842AF8D176CA9A200A1ED20 /* Project object */;
}
